Microsoft Visual Studio Solution File, Format Version 12.00
# Visual Studio Version 17
VisualStudioVersion = 17.5.2.0
MinimumVisualStudioVersion = 10.0.40219.1
Project("{FAE04EC0-301F-11D3-BF4B-00C04F79EFBC}") = "Polindromo", "Polindromo.csproj", "{382F9CAA-1518-6AAB-FD94-05F8FDCFDB5F}"
EndProject
Global
	GlobalSection(SolutionConfigurationPlatforms) = preSolution
		Debug|Any CPU = Debug|Any CPU
		Release|Any CPU = Release|Any CPU
	EndGlobalSection
	GlobalSection(ProjectConfigurationPlatforms) = postSolution
		{382F9CAA-1518-6AAB-FD94-05F8FDCFDB5F}.Debug|Any CPU.ActiveCfg = Debug|Any CPU
		{382F9CAA-1518-6AAB-FD94-05F8FDCFDB5F}.Debug|Any CPU.Build.0 = Debug|Any CPU
		{382F9CAA-1518-6AAB-FD94-05F8FDCFDB5F}.Release|Any CPU.ActiveCfg = Release|Any CPU
		{382F9CAA-1518-6AAB-FD94-05F8FDCFDB5F}.Release|Any CPU.Build.0 = Release|Any CPU
	EndGlobalSection
	GlobalSection(SolutionProperties) = preSolution
		HideSolutionNode = FALSE
	EndGlobalSection
	GlobalSection(ExtensibilityGlobals) = postSolution
		SolutionGuid = {64401ED6-13A2-4D58-8FA5-8FB0B197E215}
	EndGlobalSection
EndGlobal
